
Microsoft Visual Studio Solution File, Format Version 12.00
# Visual Studio Version 16
VisualStudioVersion = 16.0.30204.135
MinimumVisualStudioVersion = 10.0.40219.1
Project("{2150E333-8FDC-42A3-9474-1A3956D46DE8}") = "Assembly", "Assembly", "{3904C3FC-96AA-41DF-BE9B-A8A4A673E6C9}"
EndProject
Project("{9A19103F-16F7-4668-BE54-9A1E7A4F7556}") = "BaoMen.MultiMerchant", "Assembly\BaoMen.MultiMerchant\BaoMen.MultiMerchant.csproj", "{9F7E2BCD-7949-476D-AA0D-413EB6867F62}"
EndProject
Project("{9A19103F-16F7-4668-BE54-9A1E7A4F7556}") = "BaoMen.MultiMerchant.Web", "Assembly\BaoMen.MultiMerchant.Web\BaoMen.MultiMerchant.Web.csproj", "{70B84885-EA39-4B59-B852-309F2D14A553}"
EndProject
Project("{9A19103F-16F7-4668-BE54-9A1E7A4F7556}") = "BaoMen.WeChat", "Assembly\BaoMen.WeChat\BaoMen.WeChat.csproj", "{A5D4CF69-D531-4859-8EDC-48F4D45CFCE5}"
EndProject
Project("{2150E333-8FDC-42A3-9474-1A3956D46DE8}") = "Demo", "Demo", "{46D912CE-6AB0-4EC6-A937-6E989571AA76}"
EndProject
Project("{9A19103F-16F7-4668-BE54-9A1E7A4F7556}") = "BaoMen.Demo.AdminWebApi", "Demo\BaoMen.Demo.AdminWebApi\BaoMen.Demo.AdminWebApi.csproj", "{4B824597-9E5A-4E3C-A54F-D4C2F84EFFB0}"
EndProject
Project("{9A19103F-16F7-4668-BE54-9A1E7A4F7556}") = "BaoMen.Amap", "Assembly\BaoMen.Amap\BaoMen.Amap.csproj", "{42145329-382B-4A59-9EA1-E8E9786B0192}"
EndProject
Project("{9A19103F-16F7-4668-BE54-9A1E7A4F7556}") = "BaoMen.AliYun", "Assembly\BaoMen.AliYun\BaoMen.AliYun.csproj", "{60B8BDA6-FC8F-44C1-AB43-57A6460E3947}"
EndProject
Project("{D954291E-2A0B-460D-934E-DC6B0785DB48}") = "BaoMen.Common", "..\..\bmf\bmf\src\BaoMen.Common\BaoMen.Common.shproj", "{7A3A71CD-EC79-4319-AD22-89A5AD2F3D5D}"
EndProject
Global
	GlobalSection(SharedMSBuildProjectFiles) = preSolution
		..\..\bmf\bmf\src\BaoMen.Common\BaoMen.Common.projitems*{7a3a71cd-ec79-4319-ad22-89a5ad2f3d5d}*SharedItemsImports = 13
		..\..\bmf\bmf\src\BaoMen.Common\BaoMen.Common.projitems*{9f7e2bcd-7949-476d-aa0d-413eb6867f62}*SharedItemsImports = 5
	EndGlobalSection
	GlobalSection(SolutionConfigurationPlatforms) = preSolution
		Debug|Any CPU = Debug|Any CPU
		Release|Any CPU = Release|Any CPU
	EndGlobalSection
	GlobalSection(ProjectConfigurationPlatforms) = postSolution
		{9F7E2BCD-7949-476D-AA0D-413EB6867F62}.Debug|Any CPU.ActiveCfg = Debug|Any CPU
		{9F7E2BCD-7949-476D-AA0D-413EB6867F62}.Debug|Any CPU.Build.0 = Debug|Any CPU
		{9F7E2BCD-7949-476D-AA0D-413EB6867F62}.Release|Any CPU.ActiveCfg = Release|Any CPU
		{9F7E2BCD-7949-476D-AA0D-413EB6867F62}.Release|Any CPU.Build.0 = Release|Any CPU
		{70B84885-EA39-4B59-B852-309F2D14A553}.Debug|Any CPU.ActiveCfg = Debug|Any CPU
		{70B84885-EA39-4B59-B852-309F2D14A553}.Debug|Any CPU.Build.0 = Debug|Any CPU
		{70B84885-EA39-4B59-B852-309F2D14A553}.Release|Any CPU.ActiveCfg = Release|Any CPU
		{70B84885-EA39-4B59-B852-309F2D14A553}.Release|Any CPU.Build.0 = Release|Any CPU
		{A5D4CF69-D531-4859-8EDC-48F4D45CFCE5}.Debug|Any CPU.ActiveCfg = Debug|Any CPU
		{A5D4CF69-D531-4859-8EDC-48F4D45CFCE5}.Debug|Any CPU.Build.0 = Debug|Any CPU
		{A5D4CF69-D531-4859-8EDC-48F4D45CFCE5}.Release|Any CPU.ActiveCfg = Release|Any CPU
		{A5D4CF69-D531-4859-8EDC-48F4D45CFCE5}.Release|Any CPU.Build.0 = Release|Any CPU
		{4B824597-9E5A-4E3C-A54F-D4C2F84EFFB0}.Debug|Any CPU.ActiveCfg = Debug|Any CPU
		{4B824597-9E5A-4E3C-A54F-D4C2F84EFFB0}.Debug|Any CPU.Build.0 = Debug|Any CPU
		{4B824597-9E5A-4E3C-A54F-D4C2F84EFFB0}.Release|Any CPU.ActiveCfg = Release|Any CPU
		{4B824597-9E5A-4E3C-A54F-D4C2F84EFFB0}.Release|Any CPU.Build.0 = Release|Any CPU
		{42145329-382B-4A59-9EA1-E8E9786B0192}.Debug|Any CPU.ActiveCfg = Debug|Any CPU
		{42145329-382B-4A59-9EA1-E8E9786B0192}.Debug|Any CPU.Build.0 = Debug|Any CPU
		{42145329-382B-4A59-9EA1-E8E9786B0192}.Release|Any CPU.ActiveCfg = Release|Any CPU
		{42145329-382B-4A59-9EA1-E8E9786B0192}.Release|Any CPU.Build.0 = Release|Any CPU
		{60B8BDA6-FC8F-44C1-AB43-57A6460E3947}.Debug|Any CPU.ActiveCfg = Debug|Any CPU
		{60B8BDA6-FC8F-44C1-AB43-57A6460E3947}.Debug|Any CPU.Build.0 = Debug|Any CPU
		{60B8BDA6-FC8F-44C1-AB43-57A6460E3947}.Release|Any CPU.ActiveCfg = Release|Any CPU
		{60B8BDA6-FC8F-44C1-AB43-57A6460E3947}.Release|Any CPU.Build.0 = Release|Any CPU
	EndGlobalSection
	GlobalSection(SolutionProperties) = preSolution
		HideSolutionNode = FALSE
	EndGlobalSection
	GlobalSection(NestedProjects) = preSolution
		{9F7E2BCD-7949-476D-AA0D-413EB6867F62} = {3904C3FC-96AA-41DF-BE9B-A8A4A673E6C9}
		{70B84885-EA39-4B59-B852-309F2D14A553} = {3904C3FC-96AA-41DF-BE9B-A8A4A673E6C9}
		{A5D4CF69-D531-4859-8EDC-48F4D45CFCE5} = {3904C3FC-96AA-41DF-BE9B-A8A4A673E6C9}
		{4B824597-9E5A-4E3C-A54F-D4C2F84EFFB0} = {46D912CE-6AB0-4EC6-A937-6E989571AA76}
		{42145329-382B-4A59-9EA1-E8E9786B0192} = {3904C3FC-96AA-41DF-BE9B-A8A4A673E6C9}
		{60B8BDA6-FC8F-44C1-AB43-57A6460E3947} = {3904C3FC-96AA-41DF-BE9B-A8A4A673E6C9}
		{7A3A71CD-EC79-4319-AD22-89A5AD2F3D5D} = {3904C3FC-96AA-41DF-BE9B-A8A4A673E6C9}
	EndGlobalSection
	GlobalSection(ExtensibilityGlobals) = postSolution
		SolutionGuid = {FFEDABD8-5D02-4D3C-A397-8870D922EE3D}
	EndGlobalSection
EndGlobal
