
Microsoft Visual Studio Solution File, Format Version 12.00
# Visual Studio Version 16
VisualStudioVersion = 16.0.30204.135
MinimumVisualStudioVersion = 10.0.40219.1
Project("{2150E333-8FDC-42A3-9474-1A3956D46DE8}") = "Assembly", "Assembly", "{3904C3FC-96AA-41DF-BE9B-A8A4A673E6C9}"
EndProject
Project("{9A19103F-16F7-4668-BE54-9A1E7A4F7556}") = "BaoMen.Common", "Assembly\BaoMen.Common\BaoMen.Common.csproj", "{8B638084-137E-4C8C-8A0E-BBAC70BBE189}"
EndProject
Project("{FAE04EC0-301F-11D3-BF4B-00C04F79EFBC}") = "BaoMen.MultiMerchant", "Assembly\BaoMen.MultiMerchant\BaoMen.MultiMerchant.csproj", "{9F7E2BCD-7949-476D-AA0D-413EB6867F62}"
EndProject
Project("{FAE04EC0-301F-11D3-BF4B-00C04F79EFBC}") = "BaoMen.MultiMerchant.Web", "Assembly\BaoMen.MultiMerchant.Web\BaoMen.MultiMerchant.Web.csproj", "{70B84885-EA39-4B59-B852-309F2D14A553}"
EndProject
Global
	GlobalSection(SolutionConfigurationPlatforms) = preSolution
		Debug|Any CPU = Debug|Any CPU
		Release|Any CPU = Release|Any CPU
	EndGlobalSection
	GlobalSection(ProjectConfigurationPlatforms) = postSolution
		{8B638084-137E-4C8C-8A0E-BBAC70BBE189}.Debug|Any CPU.ActiveCfg = Debug|Any CPU
		{8B638084-137E-4C8C-8A0E-BBAC70BBE189}.Debug|Any CPU.Build.0 = Debug|Any CPU
		{8B638084-137E-4C8C-8A0E-BBAC70BBE189}.Release|Any CPU.ActiveCfg = Release|Any CPU
		{8B638084-137E-4C8C-8A0E-BBAC70BBE189}.Release|Any CPU.Build.0 = Release|Any CPU
		{9F7E2BCD-7949-476D-AA0D-413EB6867F62}.Debug|Any CPU.ActiveCfg = Debug|Any CPU
		{9F7E2BCD-7949-476D-AA0D-413EB6867F62}.Debug|Any CPU.Build.0 = Debug|Any CPU
		{9F7E2BCD-7949-476D-AA0D-413EB6867F62}.Release|Any CPU.ActiveCfg = Release|Any CPU
		{9F7E2BCD-7949-476D-AA0D-413EB6867F62}.Release|Any CPU.Build.0 = Release|Any CPU
		{70B84885-EA39-4B59-B852-309F2D14A553}.Debug|Any CPU.ActiveCfg = Debug|Any CPU
		{70B84885-EA39-4B59-B852-309F2D14A553}.Debug|Any CPU.Build.0 = Debug|Any CPU
		{70B84885-EA39-4B59-B852-309F2D14A553}.Release|Any CPU.ActiveCfg = Release|Any CPU
		{70B84885-EA39-4B59-B852-309F2D14A553}.Release|Any CPU.Build.0 = Release|Any CPU
	EndGlobalSection
	GlobalSection(SolutionProperties) = preSolution
		HideSolutionNode = FALSE
	EndGlobalSection
	GlobalSection(NestedProjects) = preSolution
		{8B638084-137E-4C8C-8A0E-BBAC70BBE189} = {3904C3FC-96AA-41DF-BE9B-A8A4A673E6C9}
		{9F7E2BCD-7949-476D-AA0D-413EB6867F62} = {3904C3FC-96AA-41DF-BE9B-A8A4A673E6C9}
		{70B84885-EA39-4B59-B852-309F2D14A553} = {3904C3FC-96AA-41DF-BE9B-A8A4A673E6C9}
	EndGlobalSection
	GlobalSection(ExtensibilityGlobals) = postSolution
		SolutionGuid = {FFEDABD8-5D02-4D3C-A397-8870D922EE3D}
	EndGlobalSection
EndGlobal
